{
  "name": "com_link_manager",
  "version": "0.1.11",
  "lockfileVersion": 2,
  "requires": true,
  "packages": {
    "": {
      "name": "com_link_manager",
      "version": "0.1.11",
      "license": "MIT",
      "dependencies": {
        "message-relay-services": "^0.9.29"
      },
      "bin": {
        "com_link_manager": "bin/index.js"
      },
      "funding": {
        "type": "GitHub Sponsors",
        "url": "https://github.com/sponsors/copious-world"
      }
    },
    "node_modules/message-relay-services": {
      "version": "0.9.29",
      "resolved": "https://registry.npmjs.org/message-relay-services/-/message-relay-services-0.9.29.tgz",
      "integrity": "sha512-qlGqCvTxj679NVvQpbwSyqhrUjD/TaA8JuPnp8+9goZ7bjMuWi7YDDBjcWfyvF3TccORS40Hh0SpYP9Dp/snOg==",
      "funding": {
        "type": "GitHub Sponsors",
        "url": "https://github.com/sponsors/copious-world"
      }
    }
  },
  "dependencies": {
    "message-relay-services": {
      "version": "0.9.29",
      "resolved": "https://registry.npmjs.org/message-relay-services/-/message-relay-services-0.9.29.tgz",
      "integrity": "sha512-qlGqCvTxj679NVvQpbwSyqhrUjD/TaA8JuPnp8+9goZ7bjMuWi7YDDBjcWfyvF3TccORS40Hh0SpYP9Dp/snOg=="
    }
  }
}
