{
  "name": "com_link_manager",
  "version": "0.1.4",
  "lockfileVersion": 2,
  "requires": true,
  "packages": {
    "": {
      "name": "com_link_manager",
      "version": "0.1.4",
      "license": "MIT",
      "dependencies": {
        "message-relay-services": "^0.9.25"
      },
      "bin": {
        "com_link_manager": "bin/index"
      },
      "funding": {
        "type": "GitHub Sponsors",
        "url": "https://github.com/sponsors/copious-world"
      }
    },
    "node_modules/message-relay-services": {
      "version": "0.9.25",
      "resolved": "https://registry.npmjs.org/message-relay-services/-/message-relay-services-0.9.25.tgz",
      "integrity": "sha512-0gZLsrGDOICh6IA9lDT3HqJrEWPI3P2e7/DXF03+hudBKTlac6sFmi45AiLBh+hqpcc22oPmbQxasooTp7xJvQ==",
      "funding": {
        "type": "GitHub Sponsors",
        "url": "https://github.com/sponsors/copious-world"
      }
    }
  },
  "dependencies": {
    "message-relay-services": {
      "version": "0.9.25",
      "resolved": "https://registry.npmjs.org/message-relay-services/-/message-relay-services-0.9.25.tgz",
      "integrity": "sha512-0gZLsrGDOICh6IA9lDT3HqJrEWPI3P2e7/DXF03+hudBKTlac6sFmi45AiLBh+hqpcc22oPmbQxasooTp7xJvQ=="
    }
  }
}
